Microsoft Visual Studio Solution File, Format Version 12.00
# Visual Studio Version 17
VisualStudioVersion = 17.13.35828.75
MinimumVisualStudioVersion = 10.0.40219.1
Project("{FAE04EC0-301F-11D3-BF4B-00C04F79EFBC}") = "WebTechnology.API", "WebTechnology\WebTechnology.API.csproj", "{7B664EB9-7D16-4600-956A-3D2FB76B9833}"
EndProject
Project("{FAE04EC0-301F-11D3-BF4B-00C04F79EFBC}") = "WebTechnology.Repository", "WebTechnology.Repository\WebTechnology.Repository.csproj", "{9C038D32-4318-4199-A497-BD30108438AD}"
EndProject
Project("{FAE04EC0-301F-11D3-BF4B-00C04F79EFBC}") = "WebTechnology.Service", "WebTechnology.Service\WebTechnology.Service.csproj", "{B51D4E48-3490-4A75-A99C-4AB04B0D34CA}"
EndProject
Global
	GlobalSection(SolutionConfigurationPlatforms) = preSolution
		Debug|Any CPU = Debug|Any CPU
		Release|Any CPU = Release|Any CPU
	EndGlobalSection
	GlobalSection(ProjectConfigurationPlatforms) = postSolution
		{7B664EB9-7D16-4600-956A-3D2FB76B9833}.Debug|Any CPU.ActiveCfg = Debug|Any CPU
		{7B664EB9-7D16-4600-956A-3D2FB76B9833}.Debug|Any CPU.Build.0 = Debug|Any CPU
		{7B664EB9-7D16-4600-956A-3D2FB76B9833}.Release|Any CPU.ActiveCfg = Release|Any CPU
		{7B664EB9-7D16-4600-956A-3D2FB76B9833}.Release|Any CPU.Build.0 = Release|Any CPU
		{9C038D32-4318-4199-A497-BD30108438AD}.Debug|Any CPU.ActiveCfg = Debug|Any CPU
		{9C038D32-4318-4199-A497-BD30108438AD}.Debug|Any CPU.Build.0 = Debug|Any CPU
		{9C038D32-4318-4199-A497-BD30108438AD}.Release|Any CPU.ActiveCfg = Release|Any CPU
		{9C038D32-4318-4199-A497-BD30108438AD}.Release|Any CPU.Build.0 = Release|Any CPU
		{B51D4E48-3490-4A75-A99C-4AB04B0D34CA}.Debug|Any CPU.ActiveCfg = Debug|Any CPU
		{B51D4E48-3490-4A75-A99C-4AB04B0D34CA}.Debug|Any CPU.Build.0 = Debug|Any CPU
		{B51D4E48-3490-4A75-A99C-4AB04B0D34CA}.Release|Any CPU.ActiveCfg = Release|Any CPU
		{B51D4E48-3490-4A75-A99C-4AB04B0D34CA}.Release|Any CPU.Build.0 = Release|Any CPU
	EndGlobalSection
	GlobalSection(SolutionProperties) = preSolution
		HideSolutionNode = FALSE
	EndGlobalSection
	GlobalSection(ExtensibilityGlobals) = postSolution
		SolutionGuid = {D9A9C973-4895-4926-8D59-85B20D95ED52}
	EndGlobalSection
EndGlobal
